
Microsoft Visual Studio Solution File, Format Version 12.00
# Visual Studio 2013
VisualStudioVersion = 12.0.30723.0
MinimumVisualStudioVersion = 10.0.40219.1
Project("{FAE04EC0-301F-11D3-BF4B-00C04F79EFBC}") = "MSPGeneratorServices", "MSPGeneratorServices.csproj", "{C697C1D5-C1D4-4084-BC51-53EBB839ACFB}"
EndProject
Project("{FAE04EC0-301F-11D3-BF4B-00C04F79EFBC}") = "SelectionsAlgorithms", "..\SelectionsAlgorithms\SelectionsAlgorithms.csproj", "{8828420F-D068-4362-81C8-E72A797EF694}"
EndProject
Project("{FAE04EC0-301F-11D3-BF4B-00C04F79EFBC}") = "ServicesTests", "..\ServicesTests\ServicesTests.csproj", "{29840B9A-ABD0-47A5-B77E-0D7037EB8CA1}"
	ProjectSection(ProjectDependencies) = postProject
		{749BD41D-256E-4005-837B-AA5F2DCDD2F8} = {749BD41D-256E-4005-837B-AA5F2DCDD2F8}
	EndProjectSection
EndProject
Project("{E24C65DC-7377-472B-9ABA-BC803B73C61A}") = "WCFHost", "http://localhost:35099", "{749BD41D-256E-4005-837B-AA5F2DCDD2F8}"
	ProjectSection(WebsiteProperties) = preProject
		UseIISExpress = "true"
		TargetFrameworkMoniker = ".NETFramework,Version%3Dv4.5"
		ProjectReferences = "{c697c1d5-c1d4-4084-bc51-53ebb839acfb}|MSPGenerator.dll;{8828420F-D068-4362-81C8-E72A797EF694}|SelectionsAlgorithms.dll;"
		Debug.AspNetCompiler.VirtualPath = "/localhost_35099"
		Debug.AspNetCompiler.PhysicalPath = "..\..\..\..\..\..\WebSites\WCFHost\"
		Debug.AspNetCompiler.TargetPath = "PrecompiledWeb\localhost_35099\"
		Debug.AspNetCompiler.Updateable = "true"
		Debug.AspNetCompiler.ForceOverwrite = "true"
		Debug.AspNetCompiler.FixedNames = "false"
		Debug.AspNetCompiler.Debug = "True"
		Release.AspNetCompiler.VirtualPath = "/localhost_35099"
		Release.AspNetCompiler.PhysicalPath = "..\..\..\..\..\..\WebSites\WCFHost\"
		Release.AspNetCompiler.TargetPath = "PrecompiledWeb\localhost_35099\"
		Release.AspNetCompiler.Updateable = "true"
		Release.AspNetCompiler.ForceOverwrite = "true"
		Release.AspNetCompiler.FixedNames = "false"
		Release.AspNetCompiler.Debug = "False"
		SlnRelativePath = "..\..\..\..\..\..\WebSites\WCFHost\"
	EndProjectSection
EndProject
Global
	GlobalSection(SolutionConfigurationPlatforms) = preSolution
		Debug|Any CPU = Debug|Any CPU
		Release|Any CPU = Release|Any CPU
	EndGlobalSection
	GlobalSection(ProjectConfigurationPlatforms) = postSolution
		{C697C1D5-C1D4-4084-BC51-53EBB839ACFB}.Debug|Any CPU.ActiveCfg = Debug|Any CPU
		{C697C1D5-C1D4-4084-BC51-53EBB839ACFB}.Debug|Any CPU.Build.0 = Debug|Any CPU
		{C697C1D5-C1D4-4084-BC51-53EBB839ACFB}.Release|Any CPU.ActiveCfg = Release|Any CPU
		{C697C1D5-C1D4-4084-BC51-53EBB839ACFB}.Release|Any CPU.Build.0 = Release|Any CPU
		{8828420F-D068-4362-81C8-E72A797EF694}.Debug|Any CPU.ActiveCfg = Debug|Any CPU
		{8828420F-D068-4362-81C8-E72A797EF694}.Debug|Any CPU.Build.0 = Debug|Any CPU
		{8828420F-D068-4362-81C8-E72A797EF694}.Release|Any CPU.ActiveCfg = Release|Any CPU
		{8828420F-D068-4362-81C8-E72A797EF694}.Release|Any CPU.Build.0 = Release|Any CPU
		{29840B9A-ABD0-47A5-B77E-0D7037EB8CA1}.Debug|Any CPU.ActiveCfg = Debug|Any CPU
		{29840B9A-ABD0-47A5-B77E-0D7037EB8CA1}.Debug|Any CPU.Build.0 = Debug|Any CPU
		{29840B9A-ABD0-47A5-B77E-0D7037EB8CA1}.Release|Any CPU.ActiveCfg = Release|Any CPU
		{29840B9A-ABD0-47A5-B77E-0D7037EB8CA1}.Release|Any CPU.Build.0 = Release|Any CPU
		{749BD41D-256E-4005-837B-AA5F2DCDD2F8}.Debug|Any CPU.ActiveCfg = Debug|Any CPU
		{749BD41D-256E-4005-837B-AA5F2DCDD2F8}.Debug|Any CPU.Build.0 = Debug|Any CPU
		{749BD41D-256E-4005-837B-AA5F2DCDD2F8}.Release|Any CPU.ActiveCfg = Debug|Any CPU
		{749BD41D-256E-4005-837B-AA5F2DCDD2F8}.Release|Any CPU.Build.0 = Debug|Any CPU
	EndGlobalSection
	GlobalSection(SolutionProperties) = preSolution
		HideSolutionNode = FALSE
	EndGlobalSection
EndGlobal
